
Microsoft Visual Studio Solution File, Format Version 12.00
# Visual Studio Version 16
VisualStudioVersion = 16.0.29709.97
MinimumVisualStudioVersion = 10.0.40219.1
Project("{FAE04EC0-301F-11D3-BF4B-00C04F79EFBC}") = "350project", "350project.csproj", "{4BF02D21-A7B1-41CB-BE3A-B8E3ECFD3E77}"
EndProject
Project("{00D1A9C2-B5F0-4AF3-8072-F6C62B433612}") = "350ProjectDatabase", "..\350ProjectDatabase\350ProjectDatabase.sqlproj", "{55780A23-C6B9-44F5-B3C8-CCDFBC857F66}"
EndProject
Project("{FAE04EC0-301F-11D3-BF4B-00C04F79EFBC}") = "DataLibrary", "..\DataLibrary\DataLibrary.csproj", "{6B2DFB01-A58D-4F5E-B5A6-184657763A6A}"
EndProject
Global
	GlobalSection(SolutionConfigurationPlatforms) = preSolution
		Debug|Any CPU = Debug|Any CPU
		Release|Any CPU = Release|Any CPU
	EndGlobalSection
	GlobalSection(ProjectConfigurationPlatforms) = postSolution
		{4BF02D21-A7B1-41CB-BE3A-B8E3ECFD3E77}.Debug|Any CPU.ActiveCfg = Debug|Any CPU
		{4BF02D21-A7B1-41CB-BE3A-B8E3ECFD3E77}.Debug|Any CPU.Build.0 = Debug|Any CPU
		{4BF02D21-A7B1-41CB-BE3A-B8E3ECFD3E77}.Release|Any CPU.ActiveCfg = Release|Any CPU
		{4BF02D21-A7B1-41CB-BE3A-B8E3ECFD3E77}.Release|Any CPU.Build.0 = Release|Any CPU
		{55780A23-C6B9-44F5-B3C8-CCDFBC857F66}.Debug|Any CPU.ActiveCfg = Debug|Any CPU
		{55780A23-C6B9-44F5-B3C8-CCDFBC857F66}.Debug|Any CPU.Build.0 = Debug|Any CPU
		{55780A23-C6B9-44F5-B3C8-CCDFBC857F66}.Debug|Any CPU.Deploy.0 = Debug|Any CPU
		{55780A23-C6B9-44F5-B3C8-CCDFBC857F66}.Release|Any CPU.ActiveCfg = Release|Any CPU
		{55780A23-C6B9-44F5-B3C8-CCDFBC857F66}.Release|Any CPU.Build.0 = Release|Any CPU
		{55780A23-C6B9-44F5-B3C8-CCDFBC857F66}.Release|Any CPU.Deploy.0 = Release|Any CPU
		{6B2DFB01-A58D-4F5E-B5A6-184657763A6A}.Debug|Any CPU.ActiveCfg = Debug|Any CPU
		{6B2DFB01-A58D-4F5E-B5A6-184657763A6A}.Debug|Any CPU.Build.0 = Debug|Any CPU
		{6B2DFB01-A58D-4F5E-B5A6-184657763A6A}.Release|Any CPU.ActiveCfg = Release|Any CPU
		{6B2DFB01-A58D-4F5E-B5A6-184657763A6A}.Release|Any CPU.Build.0 = Release|Any CPU
	EndGlobalSection
	GlobalSection(SolutionProperties) = preSolution
		HideSolutionNode = FALSE
	EndGlobalSection
	GlobalSection(ExtensibilityGlobals) = postSolution
		SolutionGuid = {1FBEA266-FB26-4C88-89C4-66A71F8BA679}
	EndGlobalSection
EndGlobal
